
Microsoft Visual Studio Solution File, Format Version 12.00
# Visual Studio 15
VisualStudioVersion = 15.0.27428.2015
MinimumVisualStudioVersion = 10.0.40219.1
Project("{FAE04EC0-301F-11D3-BF4B-00C04F79EFBC}") = "RizoChange2", "RizoChange2\RizoChange2.csproj", "{CA57D60C-166C-4253-9602-D14ACBA06136}"
EndProject
Global
	GlobalSection(SolutionConfigurationPlatforms) = preSolution
		Debug|Any CPU = Debug|Any CPU
		Release|Any CPU = Release|Any CPU
	EndGlobalSection
	GlobalSection(ProjectConfigurationPlatforms) = postSolution
		{CA57D60C-166C-4253-9602-D14ACBA06136}.Debug|Any CPU.ActiveCfg = Debug|Any CPU
		{CA57D60C-166C-4253-9602-D14ACBA06136}.Debug|Any CPU.Build.0 = Debug|Any CPU
		{CA57D60C-166C-4253-9602-D14ACBA06136}.Release|Any CPU.ActiveCfg = Release|Any CPU
		{CA57D60C-166C-4253-9602-D14ACBA06136}.Release|Any CPU.Build.0 = Release|Any CPU
	EndGlobalSection
	GlobalSection(SolutionProperties) = preSolution
		HideSolutionNode = FALSE
	EndGlobalSection
	GlobalSection(ExtensibilityGlobals) = postSolution
		SolutionGuid = {C6ED5326-A4A0-4706-92A0-C7C8577E8544}
	EndGlobalSection
EndGlobal
